
Microsoft Visual Studio Solution File, Format Version 12.00
# Visual Studio Version 16
VisualStudioVersion = 16.6.30114.105
MinimumVisualStudioVersion = 10.0.40219.1
Project("{2150E333-8FDC-42A3-9474-1A3956D46DE8}") = "2.1", "2.1", "{22747D08-44A6-4F57-8471-F3F184A0D57C}"
EndProject
Project("{2150E333-8FDC-42A3-9474-1A3956D46DE8}") = "3.1", "3.1", "{2E7A3EFC-CA69-4DB7-90F5-DC6F6714E2FC}"
EndProject
Project("{2150E333-8FDC-42A3-9474-1A3956D46DE8}") = "5.0", "5.0", "{4EF815C6-532A-4667-A0BF-D1496CBC16B2}"
EndProject
Project("{9A19103F-16F7-4668-BE54-9A1E7A4F7556}") = "CSharpConsoleApp", "2.1\CSharpConsoleApp\CSharpConsoleApp.csproj", "{9A350C11-F7AE-4A78-AC92-9889C95D96A7}"
EndProject
Project("{778DAE3C-4631-46EA-AA77-85C1314464D9}") = "VBConsoleApp", "2.1\VBConsoleApp\VBConsoleApp.vbproj", "{9E1179A1-C45A-4FC0-8E94-3DD8CB872B03}"
EndProject
Project("{9A19103F-16F7-4668-BE54-9A1E7A4F7556}") = "CSharpConsoleApp", "3.1\CSharpConsoleApp\CSharpConsoleApp.csproj", "{BFD6710C-E74F-41A2-A158-15AEA76EF5AA}"
EndProject
Project("{778DAE3C-4631-46EA-AA77-85C1314464D9}") = "VBConsoleApp", "3.1\VBConsoleApp\VBConsoleApp.vbproj", "{514FA758-7105-45AF-AC48-5F43353369D8}"
EndProject
Project("{9A19103F-16F7-4668-BE54-9A1E7A4F7556}") = "CSharpConsoleApp", "5.0\CSharpConsoleApp\CSharpConsoleApp.csproj", "{CA90F0A2-05EB-4264-82F3-81477EF09BFD}"
EndProject
Project("{778DAE3C-4631-46EA-AA77-85C1314464D9}") = "VBConsoleApp", "5.0\VBConsoleApp\VBConsoleApp.vbproj", "{40781B61-CD73-492D-AB9E-E952FAE9CCD4}"
EndProject
Project("{2150E333-8FDC-42A3-9474-1A3956D46DE8}") = "Solution Items", "Solution Items", "{2F650297-29A0-43EC-AB30-CB5001D68860}"
	ProjectSection(SolutionItems) = preProject
		.editorconfig = .editorconfig
	EndProjectSection
EndProject
Global
	GlobalSection(SolutionConfigurationPlatforms) = preSolution
		Debug|Any CPU = Debug|Any CPU
		Debug|x64 = Debug|x64
		Debug|x86 = Debug|x86
		Release|Any CPU = Release|Any CPU
		Release|x64 = Release|x64
		Release|x86 = Release|x86
	EndGlobalSection
	GlobalSection(ProjectConfigurationPlatforms) = postSolution
		{9A350C11-F7AE-4A78-AC92-9889C95D96A7}.Debug|Any CPU.ActiveCfg = Debug|Any CPU
		{9A350C11-F7AE-4A78-AC92-9889C95D96A7}.Debug|Any CPU.Build.0 = Debug|Any CPU
		{9A350C11-F7AE-4A78-AC92-9889C95D96A7}.Debug|x64.ActiveCfg = Debug|Any CPU
		{9A350C11-F7AE-4A78-AC92-9889C95D96A7}.Debug|x64.Build.0 = Debug|Any CPU
		{9A350C11-F7AE-4A78-AC92-9889C95D96A7}.Debug|x86.ActiveCfg = Debug|Any CPU
		{9A350C11-F7AE-4A78-AC92-9889C95D96A7}.Debug|x86.Build.0 = Debug|Any CPU
		{9A350C11-F7AE-4A78-AC92-9889C95D96A7}.Release|Any CPU.ActiveCfg = Release|Any CPU
		{9A350C11-F7AE-4A78-AC92-9889C95D96A7}.Release|Any CPU.Build.0 = Release|Any CPU
		{9A350C11-F7AE-4A78-AC92-9889C95D96A7}.Release|x64.ActiveCfg = Release|Any CPU
		{9A350C11-F7AE-4A78-AC92-9889C95D96A7}.Release|x64.Build.0 = Release|Any CPU
		{9A350C11-F7AE-4A78-AC92-9889C95D96A7}.Release|x86.ActiveCfg = Release|Any CPU
		{9A350C11-F7AE-4A78-AC92-9889C95D96A7}.Release|x86.Build.0 = Release|Any CPU
		{9E1179A1-C45A-4FC0-8E94-3DD8CB872B03}.Debug|Any CPU.ActiveCfg = Debug|Any CPU
		{9E1179A1-C45A-4FC0-8E94-3DD8CB872B03}.Debug|Any CPU.Build.0 = Debug|Any CPU
		{9E1179A1-C45A-4FC0-8E94-3DD8CB872B03}.Debug|x64.ActiveCfg = Debug|Any CPU
		{9E1179A1-C45A-4FC0-8E94-3DD8CB872B03}.Debug|x64.Build.0 = Debug|Any CPU
		{9E1179A1-C45A-4FC0-8E94-3DD8CB872B03}.Debug|x86.ActiveCfg = Debug|Any CPU
		{9E1179A1-C45A-4FC0-8E94-3DD8CB872B03}.Debug|x86.Build.0 = Debug|Any CPU
		{9E1179A1-C45A-4FC0-8E94-3DD8CB872B03}.Release|Any CPU.ActiveCfg = Release|Any CPU
		{9E1179A1-C45A-4FC0-8E94-3DD8CB872B03}.Release|Any CPU.Build.0 = Release|Any CPU
		{9E1179A1-C45A-4FC0-8E94-3DD8CB872B03}.Release|x64.ActiveCfg = Release|Any CPU
		{9E1179A1-C45A-4FC0-8E94-3DD8CB872B03}.Release|x64.Build.0 = Release|Any CPU
		{9E1179A1-C45A-4FC0-8E94-3DD8CB872B03}.Release|x86.ActiveCfg = Release|Any CPU
		{9E1179A1-C45A-4FC0-8E94-3DD8CB872B03}.Release|x86.Build.0 = Release|Any CPU
		{BFD6710C-E74F-41A2-A158-15AEA76EF5AA}.Debug|Any CPU.ActiveCfg = Debug|Any CPU
		{BFD6710C-E74F-41A2-A158-15AEA76EF5AA}.Debug|Any CPU.Build.0 = Debug|Any CPU
		{BFD6710C-E74F-41A2-A158-15AEA76EF5AA}.Debug|x64.ActiveCfg = Debug|Any CPU
		{BFD6710C-E74F-41A2-A158-15AEA76EF5AA}.Debug|x64.Build.0 = Debug|Any CPU
		{BFD6710C-E74F-41A2-A158-15AEA76EF5AA}.Debug|x86.ActiveCfg = Debug|Any CPU
		{BFD6710C-E74F-41A2-A158-15AEA76EF5AA}.Debug|x86.Build.0 = Debug|Any CPU
		{BFD6710C-E74F-41A2-A158-15AEA76EF5AA}.Release|Any CPU.ActiveCfg = Release|Any CPU
		{BFD6710C-E74F-41A2-A158-15AEA76EF5AA}.Release|Any CPU.Build.0 = Release|Any CPU
		{BFD6710C-E74F-41A2-A158-15AEA76EF5AA}.Release|x64.ActiveCfg = Release|Any CPU
		{BFD6710C-E74F-41A2-A158-15AEA76EF5AA}.Release|x64.Build.0 = Release|Any CPU
		{BFD6710C-E74F-41A2-A158-15AEA76EF5AA}.Release|x86.ActiveCfg = Release|Any CPU
		{BFD6710C-E74F-41A2-A158-15AEA76EF5AA}.Release|x86.Build.0 = Release|Any CPU
		{514FA758-7105-45AF-AC48-5F43353369D8}.Debug|Any CPU.ActiveCfg = Debug|Any CPU
		{514FA758-7105-45AF-AC48-5F43353369D8}.Debug|Any CPU.Build.0 = Debug|Any CPU
		{514FA758-7105-45AF-AC48-5F43353369D8}.Debug|x64.ActiveCfg = Debug|Any CPU
		{514FA758-7105-45AF-AC48-5F43353369D8}.Debug|x64.Build.0 = Debug|Any CPU
		{514FA758-7105-45AF-AC48-5F43353369D8}.Debug|x86.ActiveCfg = Debug|Any CPU
		{514FA758-7105-45AF-AC48-5F43353369D8}.Debug|x86.Build.0 = Debug|Any CPU
		{514FA758-7105-45AF-AC48-5F43353369D8}.Release|Any CPU.ActiveCfg = Release|Any CPU
		{514FA758-7105-45AF-AC48-5F43353369D8}.Release|Any CPU.Build.0 = Release|Any CPU
		{514FA758-7105-45AF-AC48-5F43353369D8}.Release|x64.ActiveCfg = Release|Any CPU
		{514FA758-7105-45AF-AC48-5F43353369D8}.Release|x64.Build.0 = Release|Any CPU
		{514FA758-7105-45AF-AC48-5F43353369D8}.Release|x86.ActiveCfg = Release|Any CPU
		{514FA758-7105-45AF-AC48-5F43353369D8}.Release|x86.Build.0 = Release|Any CPU
		{CA90F0A2-05EB-4264-82F3-81477EF09BFD}.Debug|Any CPU.ActiveCfg = Debug|Any CPU
		{CA90F0A2-05EB-4264-82F3-81477EF09BFD}.Debug|Any CPU.Build.0 = Debug|Any CPU
		{CA90F0A2-05EB-4264-82F3-81477EF09BFD}.Debug|x64.ActiveCfg = Debug|Any CPU
		{CA90F0A2-05EB-4264-82F3-81477EF09BFD}.Debug|x64.Build.0 = Debug|Any CPU
		{CA90F0A2-05EB-4264-82F3-81477EF09BFD}.Debug|x86.ActiveCfg = Debug|Any CPU
		{CA90F0A2-05EB-4264-82F3-81477EF09BFD}.Debug|x86.Build.0 = Debug|Any CPU
		{CA90F0A2-05EB-4264-82F3-81477EF09BFD}.Release|Any CPU.ActiveCfg = Release|Any CPU
		{CA90F0A2-05EB-4264-82F3-81477EF09BFD}.Release|Any CPU.Build.0 = Release|Any CPU
		{CA90F0A2-05EB-4264-82F3-81477EF09BFD}.Release|x64.ActiveCfg = Release|Any CPU
		{CA90F0A2-05EB-4264-82F3-81477EF09BFD}.Release|x64.Build.0 = Release|Any CPU
		{CA90F0A2-05EB-4264-82F3-81477EF09BFD}.Release|x86.ActiveCfg = Release|Any CPU
		{CA90F0A2-05EB-4264-82F3-81477EF09BFD}.Release|x86.Build.0 = Release|Any CPU
		{40781B61-CD73-492D-AB9E-E952FAE9CCD4}.Debug|Any CPU.ActiveCfg = Debug|Any CPU
		{40781B61-CD73-492D-AB9E-E952FAE9CCD4}.Debug|Any CPU.Build.0 = Debug|Any CPU
		{40781B61-CD73-492D-AB9E-E952FAE9CCD4}.Debug|x64.ActiveCfg = Debug|Any CPU
		{40781B61-CD73-492D-AB9E-E952FAE9CCD4}.Debug|x64.Build.0 = Debug|Any CPU
		{40781B61-CD73-492D-AB9E-E952FAE9CCD4}.Debug|x86.ActiveCfg = Debug|Any CPU
		{40781B61-CD73-492D-AB9E-E952FAE9CCD4}.Debug|x86.Build.0 = Debug|Any CPU
		{40781B61-CD73-492D-AB9E-E952FAE9CCD4}.Release|Any CPU.ActiveCfg = Release|Any CPU
		{40781B61-CD73-492D-AB9E-E952FAE9CCD4}.Release|Any CPU.Build.0 = Release|Any CPU
		{40781B61-CD73-492D-AB9E-E952FAE9CCD4}.Release|x64.ActiveCfg = Release|Any CPU
		{40781B61-CD73-492D-AB9E-E952FAE9CCD4}.Release|x64.Build.0 = Release|Any CPU
		{40781B61-CD73-492D-AB9E-E952FAE9CCD4}.Release|x86.ActiveCfg = Release|Any CPU
		{40781B61-CD73-492D-AB9E-E952FAE9CCD4}.Release|x86.Build.0 = Release|Any CPU
	EndGlobalSection
	GlobalSection(SolutionProperties) = preSolution
		HideSolutionNode = FALSE
	EndGlobalSection
	GlobalSection(NestedProjects) = preSolution
		{9A350C11-F7AE-4A78-AC92-9889C95D96A7} = {22747D08-44A6-4F57-8471-F3F184A0D57C}
		{9E1179A1-C45A-4FC0-8E94-3DD8CB872B03} = {22747D08-44A6-4F57-8471-F3F184A0D57C}
		{BFD6710C-E74F-41A2-A158-15AEA76EF5AA} = {2E7A3EFC-CA69-4DB7-90F5-DC6F6714E2FC}
		{514FA758-7105-45AF-AC48-5F43353369D8} = {2E7A3EFC-CA69-4DB7-90F5-DC6F6714E2FC}
		{CA90F0A2-05EB-4264-82F3-81477EF09BFD} = {4EF815C6-532A-4667-A0BF-D1496CBC16B2}
		{40781B61-CD73-492D-AB9E-E952FAE9CCD4} = {4EF815C6-532A-4667-A0BF-D1496CBC16B2}
	EndGlobalSection
	GlobalSection(ExtensibilityGlobals) = postSolution
		SolutionGuid = {7872D224-F2A7-45BA-8744-98529A60CE6A}
	EndGlobalSection
EndGlobal
